// !$*UTF8*$!
{
	archiveVersion = 1;
	classes = {
	};
	objectVersion = 50;
	objects = {

/* Begin PBXBuildFile section */
		619AB1E28B5D108A0DADA002 /* Pods_MNRCH2.framework in Frameworks */ = {isa = PBXBuildFile; fileRef = 6421592E76A1F0AE00562C80 /* Pods_MNRCH2.framework */; };
		DB3A0315224959C3001CC6E6 /* VisualRecognitionV3.framework in Frameworks */ = {isa = PBXBuildFile; fileRef = DB3A0314224959C3001CC6E6 /* VisualRecognitionV3.framework */; };
		DB3A0317224959DF001CC6E6 /* RestKit.framework in Frameworks */ = {isa = PBXBuildFile; fileRef = DB3A0316224959DF001CC6E6 /* RestKit.framework */; };
		DB3A031922495A27001CC6E6 /* VisualRecognitionV3.framework in CopyFiles */ = {isa = PBXBuildFile; fileRef = DB3A0314224959C3001CC6E6 /* VisualRecognitionV3.framework */; settings = {ATTRIBUTES = (CodeSignOnCopy, RemoveHeadersOnCopy, ); }; };
		DB3A031A22495A32001CC6E6 /* RestKit.framework in CopyFiles */ = {isa = PBXBuildFile; fileRef = DB3A0316224959DF001CC6E6 /* RestKit.framework */; settings = {ATTRIBUTES = (CodeSignOnCopy, RemoveHeadersOnCopy, ); }; };
		DBC25FB522471BD90069A954 /* Computer.swift in Sources */ = {isa = PBXBuildFile; fileRef = DBC25FB422471BD90069A954 /* Computer.swift */; };
		DBC25FB72247333E0069A954 /* String.swift in Sources */ = {isa = PBXBuildFile; fileRef = DBC25FB62247333E0069A954 /* String.swift */; };
		DBC25FBB22473F520069A954 /* PairComputerViewController.swift in Sources */ = {isa = PBXBuildFile; fileRef = DBC25FBA22473F520069A954 /* PairComputerViewController.swift */; };
		DBC25FBD224740110069A954 /* AddImageViewController.swift in Sources */ = {isa = PBXBuildFile; fileRef = DBC25FBC224740110069A954 /* AddImageViewController.swift */; };
		DBC25FBF22475BEB0069A954 /* UIImageView.swift in Sources */ = {isa = PBXBuildFile; fileRef = DBC25FBE22475BEB0069A954 /* UIImageView.swift */; };
		DBC25FC1224767360069A954 /* ConfirmationViewController.swift in Sources */ = {isa = PBXBuildFile; fileRef = DBC25FC0224767360069A954 /* ConfirmationViewController.swift */; };
		DBC25FC322477BDB0069A954 /* Bluetooth.swift in Sources */ = {isa = PBXBuildFile; fileRef = DBC25FC222477BDB0069A954 /* Bluetooth.swift */; };
		DBC25FC622477C560069A954 /* CoreBluetooth.framework in Frameworks */ = {isa = PBXBuildFile; fileRef = DBC25FC522477C560069A954 /* CoreBluetooth.framework */; };
		DBCDB8C92246D65E00B04738 /* AppDelegate.swift in Sources */ = {isa = PBXBuildFile; fileRef = DBCDB8C82246D65E00B04738 /* AppDelegate.swift */; };
		DBCDB8CB2246D65E00B04738 /* ComputerListViewController.swift in Sources */ = {isa = PBXBuildFile; fileRef = DBCDB8CA2246D65E00B04738 /* ComputerListViewController.swift */; };
		DBCDB8CE2246D65E00B04738 /* Main.storyboard in Resources */ = {isa = PBXBuildFile; fileRef = DBCDB8CC2246D65E00B04738 /* Main.storyboard */; };
		DBCDB8D02246D65F00B04738 /* Assets.xcassets in Resources */ = {isa = PBXBuildFile; fileRef = DBCDB8CF2246D65F00B04738 /* Assets.xcassets */; };
		DBCDB8DF2246DFCA00B04738 /* TableViewCell.swift in Sources */ = {isa = PBXBuildFile; fileRef = DBCDB8DE2246DFCA00B04738 /* TableViewCell.swift */; };
/* End PBXBuildFile section */

/* Begin PBXCopyFilesBuildPhase section */
		DB3A031822495A0E001CC6E6 /* CopyFiles */ = {
			isa = PBXCopyFilesBuildPhase;
			buildActionMask = 2147483647;
			dstPath = "";
			dstSubfolderSpec = 10;
			files = (
				DB3A031A22495A32001CC6E6 /* RestKit.framework in CopyFiles */,
				DB3A031922495A27001CC6E6 /* VisualRecognitionV3.framework in CopyFiles */,
			);
			runOnlyForDeploymentPostprocessing = 0;
		};
/* End PBXCopyFilesBuildPhase section */

/* Begin PBXFileReference section */
		6421592E76A1F0AE00562C80 /* Pods_MNRCH2.framework */ = {isa = PBXFileReference; explicitFileType = wrapper.framework; includeInIndex = 0; path = Pods_MNRCH2.framework; sourceTree = BUILT_PRODUCTS_DIR; };
		AD9439E06D272662FFDF418B /* Pods-MNRCH2.release.xcconfig */ = {isa = PBXFileReference; includeInIndex = 1; lastKnownFileType = text.xcconfig; name = "Pods-MNRCH2.release.xcconfig"; path = "Pods/Target Support Files/Pods-MNRCH2/Pods-MNRCH2.release.xcconfig"; sourceTree = "<group>"; };
		DB3A0314224959C3001CC6E6 /* VisualRecognitionV3.framework */ = {isa = PBXFileReference; lastKnownFileType = wrapper.framework; name = VisualRecognitionV3.framework; path = Carthage/Build/iOS/VisualRecognitionV3.framework; sourceTree = "<group>"; };
		DB3A0316224959DF001CC6E6 /* RestKit.framework */ = {isa = PBXFileReference; lastKnownFileType = wrapper.framework; name = RestKit.framework; path = Carthage/Build/iOS/RestKit.framework; sourceTree = "<group>"; };
		DBC25FB322471B3F0069A954 /* Launch Screen.storyboard */ = {isa = PBXFileReference; lastKnownFileType = file.storyboard; path = "Launch Screen.storyboard"; sourceTree = "<group>"; };
		DBC25FB422471BD90069A954 /* Computer.swift */ = {isa = PBXFileReference; lastKnownFileType = sourcecode.swift; path = Computer.swift; sourceTree = "<group>"; };
		DBC25FB62247333E0069A954 /* String.swift */ = {isa = PBXFileReference; fileEncoding = 4; lastKnownFileType = sourcecode.swift; name = String.swift; path = ../../Whatsit/Whatsit/String.swift; sourceTree = "<group>"; };
		DBC25FBA22473F520069A954 /* PairComputerViewController.swift */ = {isa = PBXFileReference; lastKnownFileType = sourcecode.swift; name = PairComputerViewController.swift; path = MNRCH2/Controller/PairComputerViewController.swift; sourceTree = SOURCE_ROOT; };
		DBC25FBC224740110069A954 /* AddImageViewController.swift */ = {isa = PBXFileReference; lastKnownFileType = sourcecode.swift; path = AddImageViewController.swift; sourceTree = "<group>"; };
		DBC25FBE22475BEB0069A954 /* UIImageView.swift */ = {isa = PBXFileReference; fileEncoding = 4; lastKnownFileType = sourcecode.swift; name = UIImageView.swift; path = ../../../Whatsit/Whatsit/UIImageView.swift; sourceTree = "<group>"; };
		DBC25FC0224767360069A954 /* ConfirmationViewController.swift */ = {isa = PBXFileReference; lastKnownFileType = sourcecode.swift; name = ConfirmationViewController.swift; path = MNRCH2/Controller/ConfirmationViewController.swift; sourceTree = SOURCE_ROOT; };
		DBC25FC222477BDB0069A954 /* Bluetooth.swift */ = {isa = PBXFileReference; lastKnownFileType = sourcecode.swift; path = Bluetooth.swift; sourceTree = "<group>"; };
		DBC25FC522477C560069A954 /* CoreBluetooth.framework */ = {isa = PBXFileReference; lastKnownFileType = wrapper.framework; name = CoreBluetooth.framework; path = System/Library/Frameworks/CoreBluetooth.framework; sourceTree = SDKROOT; };
		DBCDB8C52246D65E00B04738 /* MNRCH2.app */ = {isa = PBXFileReference; explicitFileType = wrapper.application; includeInIndex = 0; path = MNRCH2.app; sourceTree = BUILT_PRODUCTS_DIR; };
		DBCDB8C82246D65E00B04738 /* AppDelegate.swift */ = {isa = PBXFileReference; lastKnownFileType = sourcecode.swift; path = AppDelegate.swift; sourceTree = "<group>"; };
		DBCDB8CA2246D65E00B04738 /* ComputerListViewController.swift */ = {isa = PBXFileReference; lastKnownFileType = sourcecode.swift; path = ComputerListViewController.swift; sourceTree = "<group>"; };
		DBCDB8CD2246D65E00B04738 /* Base */ = {isa = PBXFileReference; lastKnownFileType = file.storyboard; name = Base; path = Base.lproj/Main.storyboard; sourceTree = "<group>"; };
		DBCDB8CF2246D65F00B04738 /* Assets.xcassets */ = {isa = PBXFileReference; lastKnownFileType = folder.assetcatalog; path = Assets.xcassets; sourceTree = "<group>"; };
		DBCDB8D42246D65F00B04738 /* Info.plist */ = {isa = PBXFileReference; lastKnownFileType = text.plist.xml; path = Info.plist; sourceTree = "<group>"; };
		DBCDB8DE2246DFCA00B04738 /* TableViewCell.swift */ = {isa = PBXFileReference; lastKnownFileType = sourcecode.swift; path = TableViewCell.swift; sourceTree = "<group>"; };
		EE0149B5A927E9A1FEC9C31D /* Pods-MNRCH2.debug.xcconfig */ = {isa = PBXFileReference; includeInIndex = 1; lastKnownFileType = text.xcconfig; name = "Pods-MNRCH2.debug.xcconfig"; path = "Pods/Target Support Files/Pods-MNRCH2/Pods-MNRCH2.debug.xcconfig"; sourceTree = "<group>"; };
/* End PBXFileReference section */

/* Begin PBXFrameworksBuildPhase section */
		DBCDB8C22246D65E00B04738 /* Frameworks */ = {
			isa = PBXFrameworksBuildPhase;
			buildActionMask = 2147483647;
			files = (
				DBC25FC622477C560069A954 /* CoreBluetooth.framework in Frameworks */,
				DB3A0315224959C3001CC6E6 /* VisualRecognitionV3.framework in Frameworks */,
				619AB1E28B5D108A0DADA002 /* Pods_MNRCH2.framework in Frameworks */,
				DB3A0317224959DF001CC6E6 /* RestKit.framework in Frameworks */,
			);
			runOnlyForDeploymentPostprocessing = 0;
		};
/* End PBXFrameworksBuildPhase section */

/* Begin PBXGroup section */
		2099815C6211BFAF6D6B77FE /* Pods */ = {
			isa = PBXGroup;
			children = (
				EE0149B5A927E9A1FEC9C31D /* Pods-MNRCH2.debug.xcconfig */,
				AD9439E06D272662FFDF418B /* Pods-MNRCH2.release.xcconfig */,
			);
			name = Pods;
			sourceTree = "<group>";
		};
		DBC25FC422477C560069A954 /* Frameworks */ = {
			isa = PBXGroup;
			children = (
				DB3A0314224959C3001CC6E6 /* VisualRecognitionV3.framework */,
				DB3A0316224959DF001CC6E6 /* RestKit.framework */,
				DBC25FC522477C560069A954 /* CoreBluetooth.framework */,
				6421592E76A1F0AE00562C80 /* Pods_MNRCH2.framework */,
			);
			name = Frameworks;
			sourceTree = "<group>";
		};
		DBCDB8BC2246D65E00B04738 = {
			isa = PBXGroup;
			children = (
				DBCDB8C72246D65E00B04738 /* MNRCH2 */,
				DBCDB8C62246D65E00B04738 /* Products */,
				DBC25FC422477C560069A954 /* Frameworks */,
				2099815C6211BFAF6D6B77FE /* Pods */,
			);
			sourceTree = "<group>";
		};
		DBCDB8C62246D65E00B04738 /* Products */ = {
			isa = PBXGroup;
			children = (
				DBCDB8C52246D65E00B04738 /* MNRCH2.app */,
			);
			name = Products;
			sourceTree = "<group>";
		};
		DBCDB8C72246D65E00B04738 /* MNRCH2 */ = {
			isa = PBXGroup;
			children = (
				DBCDB8E022471A7200B04738 /* Model */,
				DBCDB8E122471A7B00B04738 /* View */,
				DBCDB8E222471A8500B04738 /* Controller */,
				DBCDB8C82246D65E00B04738 /* AppDelegate.swift */,
				DBC25FC222477BDB0069A954 /* Bluetooth.swift */,
				DBC25FB62247333E0069A954 /* String.swift */,
				DBCDB8CF2246D65F00B04738 /* Assets.xcassets */,
				DBCDB8D42246D65F00B04738 /* Info.plist */,
			);
			path = MNRCH2;
			sourceTree = "<group>";
		};
		DBCDB8E022471A7200B04738 /* Model */ = {
			isa = PBXGroup;
			children = (
				DBC25FB422471BD90069A954 /* Computer.swift */,
			);
			path = Model;
			sourceTree = "<group>";
		};
		DBCDB8E122471A7B00B04738 /* View */ = {
			isa = PBXGroup;
			children = (
				DBC25FBE22475BEB0069A954 /* UIImageView.swift */,
				DBCDB8CC2246D65E00B04738 /* Main.storyboard */,
				DBC25FB322471B3F0069A954 /* Launch Screen.storyboard */,
				DBCDB8DE2246DFCA00B04738 /* TableViewCell.swift */,
			);
			path = View;
			sourceTree = "<group>";
		};
		DBCDB8E222471A8500B04738 /* Controller */ = {
			isa = PBXGroup;
			children = (
				DBCDB8CA2246D65E00B04738 /* ComputerListViewController.swift */,
				DBC25FBC224740110069A954 /* AddImageViewController.swift */,
				DBC25FBA22473F520069A954 /* PairComputerViewController.swift */,
				DBC25FC0224767360069A954 /* ConfirmationViewController.swift */,
			);
			path = Controller;
			sourceTree = "<group>";
		};
/* End PBXGroup section */

/* Begin PBXNativeTarget section */
		DBCDB8C42246D65E00B04738 /* MNRCH2 */ = {
			isa = PBXNativeTarget;
			buildConfigurationList = DBCDB8D72246D65F00B04738 /* Build configuration list for PBXNativeTarget "MNRCH2" */;
			buildPhases = (
				D68521B91DC4D9BEDA7A4C43 /* [CP] Check Pods Manifest.lock */,
				DBCDB8C12246D65E00B04738 /* Sources */,
				DBCDB8C22246D65E00B04738 /* Frameworks */,
				DBCDB8C32246D65E00B04738 /* Resources */,
				DCBFDC83946F8CD57D28B67C /* [CP] Embed Pods Frameworks */,
				DB3A031822495A0E001CC6E6 /* CopyFiles */,
			);
			buildRules = (
			);
			dependencies = (
			);
			name = MNRCH2;
			productName = MNRCH2;
			productReference = DBCDB8C52246D65E00B04738 /* MNRCH2.app */;
			productType = "com.apple.product-type.application";
		};
/* End PBXNativeTarget section */

/* Begin PBXProject section */
		DBCDB8BD2246D65E00B04738 /* Project object */ = {
			isa = PBXProject;
			attributes = {
				LastSwiftUpdateCheck = 1010;
				LastUpgradeCheck = 1010;
				ORGANIZATIONNAME = "Azure Horse Creations";
				TargetAttributes = {
					DBCDB8C42246D65E00B04738 = {
						CreatedOnToolsVersion = 10.1;
					};
				};
			};
			buildConfigurationList = DBCDB8C02246D65E00B04738 /* Build configuration list for PBXProject "MNRCH2" */;
			compatibilityVersion = "Xcode 9.3";
			developmentRegion = en;
			hasScannedForEncodings = 0;
			knownRegions = (
				en,
				Base,
			);
			mainGroup = DBCDB8BC2246D65E00B04738;
			productRefGroup = DBCDB8C62246D65E00B04738 /* Products */;
			projectDirPath = "";
			projectRoot = "";
			targets = (
				DBCDB8C42246D65E00B04738 /* MNRCH2 */,
			);
		};
/* End PBXProject section */

/* Begin PBXResourcesBuildPhase section */
		DBCDB8C32246D65E00B04738 /* Resources */ = {
			isa = PBXResourcesBuildPhase;
			buildActionMask = 2147483647;
			files = (
				DBCDB8D02246D65F00B04738 /* Assets.xcassets in Resources */,
				DBCDB8CE2246D65E00B04738 /* Main.storyboard in Resources */,
			);
			runOnlyForDeploymentPostprocessing = 0;
		};
/* End PBXResourcesBuildPhase section */

/* Begin PBXShellScriptBuildPhase section */
		D68521B91DC4D9BEDA7A4C43 /* [CP] Check Pods Manifest.lock */ = {
			isa = PBXShellScriptBuildPhase;
			buildActionMask = 2147483647;
			files = (
			);
			inputPaths = (
				"${PODS_PODFILE_DIR_PATH}/Podfile.lock",
				"${PODS_ROOT}/Manifest.lock",
			);
			name = "[CP] Check Pods Manifest.lock";
			outputPaths = (
				"$(DERIVED_FILE_DIR)/Pods-MNRCH2-checkManifestLockResult.txt",
			);
			runOnlyForDeploymentPostprocessing = 0;
			shellPath = /bin/sh;
			shellScript = "diff \"${PODS_PODFILE_DIR_PATH}/Podfile.lock\" \"${PODS_ROOT}/Manifest.lock\" > /dev/null\nif [ $? != 0 ] ; then\n    # print error to STDERR\n    echo \"error: The sandbox is not in sync with the Podfile.lock. Run 'pod install' or update your CocoaPods installation.\" >&2\n    exit 1\nfi\n# This output is used by Xcode 'outputs' to avoid re-running this script phase.\necho \"SUCCESS\" > \"${SCRIPT_OUTPUT_FILE_0}\"\n";
			showEnvVarsInLog = 0;
		};
		DCBFDC83946F8CD57D28B67C /* [CP] Embed Pods Frameworks */ = {
			isa = PBXShellScriptBuildPhase;
			buildActionMask = 2147483647;
			files = (
			);
			inputPaths = (
				"${SRCROOT}/Pods/Target Support Files/Pods-MNRCH2/Pods-MNRCH2-frameworks.sh",
				"${BUILT_PRODUCTS_DIR}/SVProgressHUD/SVProgressHUD.framework",
			);
			name = "[CP] Embed Pods Frameworks";
			outputPaths = (
				"${TARGET_BUILD_DIR}/${FRAMEWORKS_FOLDER_PATH}/SVProgressHUD.framework",
			);
			runOnlyForDeploymentPostprocessing = 0;
			shellPath = /bin/sh;
			shellScript = "\"${SRCROOT}/Pods/Target Support Files/Pods-MNRCH2/Pods-MNRCH2-frameworks.sh\"\n";
			showEnvVarsInLog = 0;
		};
/* End PBXShellScriptBuildPhase section */

/* Begin PBXSourcesBuildPhase section */
		DBCDB8C12246D65E00B04738 /* Sources */ = {
			isa = PBXSourcesBuildPhase;
			buildActionMask = 2147483647;
			files = (
				DBC25FBF22475BEB0069A954 /* UIImageView.swift in Sources */,
				DBC25FB522471BD90069A954 /* Computer.swift in Sources */,
				DBCDB8DF2246DFCA00B04738 /* TableViewCell.swift in Sources */,
				DBC25FC1224767360069A954 /* ConfirmationViewController.swift in Sources */,
				DBC25FB72247333E0069A954 /* String.swift in Sources */,
				DBC25FBD224740110069A954 /* AddImageViewController.swift in Sources */,
				DBC25FC322477BDB0069A954 /* Bluetooth.swift in Sources */,
				DBCDB8CB2246D65E00B04738 /* ComputerListViewController.swift in Sources */,
				DBC25FBB22473F520069A954 /* PairComputerViewController.swift in Sources */,
				DBCDB8C92246D65E00B04738 /* AppDelegate.swift in Sources */,
			);
			runOnlyForDeploymentPostprocessing = 0;
		};
/* End PBXSourcesBuildPhase section */

/* Begin PBXVariantGroup section */
		DBCDB8CC2246D65E00B04738 /* Main.storyboard */ = {
			isa = PBXVariantGroup;
			children = (
				DBCDB8CD2246D65E00B04738 /* Base */,
			);
			name = Main.storyboard;
			sourceTree = "<group>";
		};
/* End PBXVariantGroup section */

/* Begin XCBuildConfiguration section */
		DBCDB8D52246D65F00B04738 /* Debug */ = {
			isa = XCBuildConfiguration;
			buildSettings = {
				ALWAYS_SEARCH_USER_PATHS = NO;
				CLANG_ANALYZER_NONNULL = YES;
				CLANG_ANALYZER_NUMBER_OBJECT_CONVERSION = YES_AGGRESSIVE;
				CLANG_CXX_LANGUAGE_STANDARD = "gnu++14";
				CLANG_CXX_LIBRARY = "libc++";
				CLANG_ENABLE_MODULES = YES;
				CLANG_ENABLE_OBJC_ARC = YES;
				CLANG_ENABLE_OBJC_WEAK = YES;
				CLANG_WARN_BLOCK_CAPTURE_AUTORELEASING = YES;
				CLANG_WARN_BOOL_CONVERSION = YES;
				CLANG_WARN_COMMA = YES;
				CLANG_WARN_CONSTANT_CONVERSION = YES;
				CLANG_WARN_DEPRECATED_OBJC_IMPLEMENTATIONS = YES;
				CLANG_WARN_DIRECT_OBJC_ISA_USAGE = YES_ERROR;
				CLANG_WARN_DOCUMENTATION_COMMENTS = YES;
				CLANG_WARN_EMPTY_BODY = YES;
				CLANG_WARN_ENUM_CONVERSION = YES;
				CLANG_WARN_INFINITE_RECURSION = YES;
				CLANG_WARN_INT_CONVERSION = YES;
				CLANG_WARN_NON_LITERAL_NULL_CONVERSION = YES;
				CLANG_WARN_OBJC_IMPLICIT_RETAIN_SELF = YES;
				CLANG_WARN_OBJC_LITERAL_CONVERSION = YES;
				CLANG_WARN_OBJC_ROOT_CLASS = YES_ERROR;
				CLANG_WARN_RANGE_LOOP_ANALYSIS = YES;
				CLANG_WARN_STRICT_PROTOTYPES = YES;
				CLANG_WARN_SUSPICIOUS_MOVE = YES;
				CLANG_WARN_UNGUARDED_AVAILABILITY = YES_AGGRESSIVE;
				CLANG_WARN_UNREACHABLE_CODE = YES;
				CLANG_WARN__DUPLICATE_METHOD_MATCH = YES;
				CODE_SIGN_IDENTITY = "iPhone Developer";
				COPY_PHASE_STRIP = NO;
				DEBUG_INFORMATION_FORMAT = dwarf;
				ENABLE_STRICT_OBJC_MSGSEND = YES;
				ENABLE_TESTABILITY = YES;
				GCC_C_LANGUAGE_STANDARD = gnu11;
				GCC_DYNAMIC_NO_PIC = NO;
				GCC_NO_COMMON_BLOCKS = YES;
				GCC_OPTIMIZATION_LEVEL = 0;
				GCC_PREPROCESSOR_DEFINITIONS = (
					"DEBUG=1",
					"$(inherited)",
				);
				GCC_WARN_64_TO_32_BIT_CONVERSION = YES;
				GCC_WARN_ABOUT_RETURN_TYPE = YES_ERROR;
				GCC_WARN_UNDECLARED_SELECTOR = YES;
				GCC_WARN_UNINITIALIZED_AUTOS = YES_AGGRESSIVE;
				GCC_WARN_UNUSED_FUNCTION = YES;
				GCC_WARN_UNUSED_VARIABLE = YES;
				IPHONEOS_DEPLOYMENT_TARGET = 12.1;
				MTL_ENABLE_DEBUG_INFO = INCLUDE_SOURCE;
				MTL_FAST_MATH = YES;
				ONLY_ACTIVE_ARCH = YES;
				SDKROOT = iphoneos;
				SWIFT_ACTIVE_COMPILATION_CONDITIONS = DEBUG;
				SWIFT_OPTIMIZATION_LEVEL = "-Onone";
			};
			name = Debug;
		};
		DBCDB8D62246D65F00B04738 /* Release */ = {
			isa = XCBuildConfiguration;
			buildSettings = {
				ALWAYS_SEARCH_USER_PATHS = NO;
				CLANG_ANALYZER_NONNULL = YES;
				CLANG_ANALYZER_NUMBER_OBJECT_CONVERSION = YES_AGGRESSIVE;
				CLANG_CXX_LANGUAGE_STANDARD = "gnu++14";
				CLANG_CXX_LIBRARY = "libc++";
				CLANG_ENABLE_MODULES = YES;
				CLANG_ENABLE_OBJC_ARC = YES;
				CLANG_ENABLE_OBJC_WEAK = YES;
				CLANG_WARN_BLOCK_CAPTURE_AUTORELEASING = YES;
				CLANG_WARN_BOOL_CONVERSION = YES;
				CLANG_WARN_COMMA = YES;
				CLANG_WARN_CONSTANT_CONVERSION = YES;
				CLANG_WARN_DEPRECATED_OBJC_IMPLEMENTATIONS = YES;
				CLANG_WARN_DIRECT_OBJC_ISA_USAGE = YES_ERROR;
				CLANG_WARN_DOCUMENTATION_COMMENTS = YES;
				CLANG_WARN_EMPTY_BODY = YES;
				CLANG_WARN_ENUM_CONVERSION = YES;
				CLANG_WARN_INFINITE_RECURSION = YES;
				CLANG_WARN_INT_CONVERSION = YES;
				CLANG_WARN_NON_LITERAL_NULL_CONVERSION = YES;
				CLANG_WARN_OBJC_IMPLICIT_RETAIN_SELF = YES;
				CLANG_WARN_OBJC_LITERAL_CONVERSION = YES;
				CLANG_WARN_OBJC_ROOT_CLASS = YES_ERROR;
				CLANG_WARN_RANGE_LOOP_ANALYSIS = YES;
				CLANG_WARN_STRICT_PROTOTYPES = YES;
				CLANG_WARN_SUSPICIOUS_MOVE = YES;
				CLANG_WARN_UNGUARDED_AVAILABILITY = YES_AGGRESSIVE;
				CLANG_WARN_UNREACHABLE_CODE = YES;
				CLANG_WARN__DUPLICATE_METHOD_MATCH = YES;
				CODE_SIGN_IDENTITY = "iPhone Developer";
				COPY_PHASE_STRIP = NO;
				DEBUG_INFORMATION_FORMAT = "dwarf-with-dsym";
				ENABLE_NS_ASSERTIONS = NO;
				ENABLE_STRICT_OBJC_MSGSEND = YES;
				GCC_C_LANGUAGE_STANDARD = gnu11;
				GCC_NO_COMMON_BLOCKS = YES;
				GCC_WARN_64_TO_32_BIT_CONVERSION = YES;
				GCC_WARN_ABOUT_RETURN_TYPE = YES_ERROR;
				GCC_WARN_UNDECLARED_SELECTOR = YES;
				GCC_WARN_UNINITIALIZED_AUTOS = YES_AGGRESSIVE;
				GCC_WARN_UNUSED_FUNCTION = YES;
				GCC_WARN_UNUSED_VARIABLE = YES;
				IPHONEOS_DEPLOYMENT_TARGET = 12.1;
				MTL_ENABLE_DEBUG_INFO = NO;
				MTL_FAST_MATH = YES;
				SDKROOT = iphoneos;
				SWIFT_COMPILATION_MODE = wholemodule;
				SWIFT_OPTIMIZATION_LEVEL = "-O";
				VALIDATE_PRODUCT = YES;
			};
			name = Release;
		};
		DBCDB8D82246D65F00B04738 /* Debug */ = {
			isa = XCBuildConfiguration;
			baseConfigurationReference = EE0149B5A927E9A1FEC9C31D /* Pods-MNRCH2.debug.xcconfig */;
			buildSettings = {
				ASSETCATALOG_COMPILER_APPICON_NAME = AppIcon;
				CODE_SIGN_STYLE = Automatic;
				DEVELOPMENT_TEAM = 92S6VPY8H9;
				FRAMEWORK_SEARCH_PATHS = (
					"$(inherited)",
					"$(PROJECT_DIR)/Carthage/Build/iOS",
				);
				INFOPLIST_FILE = MNRCH2/Info.plist;
				IPHONEOS_DEPLOYMENT_TARGET = 12.1;
				LD_RUNPATH_SEARCH_PATHS = (
					"$(inherited)",
					"@executable_path/Frameworks",
				);
				PRODUCT_BUNDLE_IDENTIFIER = com.azurehorsecreations.MNRCH2;
				PRODUCT_NAME = "$(TARGET_NAME)";
				SWIFT_VERSION = 4.2;
				TARGETED_DEVICE_FAMILY = "1,2";
			};
			name = Debug;
		};
		DBCDB8D92246D65F00B04738 /* Release */ = {
			isa = XCBuildConfiguration;
			baseConfigurationReference = AD9439E06D272662FFDF418B /* Pods-MNRCH2.release.xcconfig */;
			buildSettings = {
				ASSETCATALOG_COMPILER_APPICON_NAME = AppIcon;
				CODE_SIGN_STYLE = Automatic;
				DEVELOPMENT_TEAM = 92S6VPY8H9;
				FRAMEWORK_SEARCH_PATHS = (
					"$(inherited)",
					"$(PROJECT_DIR)/Carthage/Build/iOS",
				);
				INFOPLIST_FILE = MNRCH2/Info.plist;
				IPHONEOS_DEPLOYMENT_TARGET = 12.1;
				LD_RUNPATH_SEARCH_PATHS = (
					"$(inherited)",
					"@executable_path/Frameworks",
				);
				PRODUCT_BUNDLE_IDENTIFIER = com.azurehorsecreations.MNRCH2;
				PRODUCT_NAME = "$(TARGET_NAME)";
				SWIFT_VERSION = 4.2;
				TARGETED_DEVICE_FAMILY = "1,2";
			};
			name = Release;
		};
/* End XCBuildConfiguration section */

/* Begin XCConfigurationList section */
		DBCDB8C02246D65E00B04738 /* Build configuration list for PBXProject "MNRCH2" */ = {
			isa = XCConfigurationList;
			buildConfigurations = (
				DBCDB8D52246D65F00B04738 /* Debug */,
				DBCDB8D62246D65F00B04738 /* Release */,
			);
			defaultConfigurationIsVisible = 0;
			defaultConfigurationName = Release;
		};
		DBCDB8D72246D65F00B04738 /* Build configuration list for PBXNativeTarget "MNRCH2" */ = {
			isa = XCConfigurationList;
			buildConfigurations = (
				DBCDB8D82246D65F00B04738 /* Debug */,
				DBCDB8D92246D65F00B04738 /* Release */,
			);
			defaultConfigurationIsVisible = 0;
			defaultConfigurationName = Release;
		};
/* End XCConfigurationList section */
	};
	rootObject = DBCDB8BD2246D65E00B04738 /* Project object */;
}
